
Microsoft Visual Studio Solution File, Format Version 12.00
# Visual Studio Version 17
VisualStudioVersion = 17.0.31903.59
MinimumVisualStudioVersion = 10.0.40219.1
Project("{FAE04EC0-301F-11D3-BF4B-00C04F79EFBC}") = "TaskFlow.Domain", "TaskFlow.Domain\TaskFlow.Domain.csproj", "{DA5B116F-BCA5-45D8-B263-B0731489AEE0}"
EndProject
Project("{2150E333-8FDC-42A3-9474-1A3956D46DE8}") = "Docs", "Docs", "{02EA681E-C7D8-13C7-8484-4AC65E1B71E8}"
	ProjectSection(SolutionItems) = preProject
		..\..\..\Users\usar\OneDrive\Desktop\Database-Schema.png = ..\..\..\Users\usar\OneDrive\Desktop\Database-Schema.png
	EndProjectSection
EndProject
Global
	GlobalSection(SolutionConfigurationPlatforms) = preSolution
		Debug|Any CPU = Debug|Any CPU
		Debug|x64 = Debug|x64
		Debug|x86 = Debug|x86
		Release|Any CPU = Release|Any CPU
		Release|x64 = Release|x64
		Release|x86 = Release|x86
	EndGlobalSection
	GlobalSection(ProjectConfigurationPlatforms) = postSolution
		{DA5B116F-BCA5-45D8-B263-B0731489AEE0}.Debug|Any CPU.ActiveCfg = Debug|Any CPU
		{DA5B116F-BCA5-45D8-B263-B0731489AEE0}.Debug|Any CPU.Build.0 = Debug|Any CPU
		{DA5B116F-BCA5-45D8-B263-B0731489AEE0}.Debug|x64.ActiveCfg = Debug|Any CPU
		{DA5B116F-BCA5-45D8-B263-B0731489AEE0}.Debug|x64.Build.0 = Debug|Any CPU
		{DA5B116F-BCA5-45D8-B263-B0731489AEE0}.Debug|x86.ActiveCfg = Debug|Any CPU
		{DA5B116F-BCA5-45D8-B263-B0731489AEE0}.Debug|x86.Build.0 = Debug|Any CPU
		{DA5B116F-BCA5-45D8-B263-B0731489AEE0}.Release|Any CPU.ActiveCfg = Release|Any CPU
		{DA5B116F-BCA5-45D8-B263-B0731489AEE0}.Release|Any CPU.Build.0 = Release|Any CPU
		{DA5B116F-BCA5-45D8-B263-B0731489AEE0}.Release|x64.ActiveCfg = Release|Any CPU
		{DA5B116F-BCA5-45D8-B263-B0731489AEE0}.Release|x64.Build.0 = Release|Any CPU
		{DA5B116F-BCA5-45D8-B263-B0731489AEE0}.Release|x86.ActiveCfg = Release|Any CPU
		{DA5B116F-BCA5-45D8-B263-B0731489AEE0}.Release|x86.Build.0 = Release|Any CPU
	EndGlobalSection
	GlobalSection(SolutionProperties) = preSolution
		HideSolutionNode = FALSE
	EndGlobalSection
	GlobalSection(ExtensibilityGlobals) = postSolution
		SolutionGuid = {3A79F65B-DB50-475A-9EC0-ED6314FE41F2}
	EndGlobalSection
EndGlobal
